{
  "requires": true,
  "lockfileVersion": 1,
  "dependencies": {
    "mobx": {
      "version": "6.3.5",
      "resolved": "https://registry.npmjs.org/mobx/-/mobx-6.3.5.tgz",
      "integrity": "sha512-MeDfqtiSbhVoJgXqQsrJwvq2klj7Xk9pPdMThCdFiwFt33vgWJe82ATppPwVzQoz0AI3QpSSwQzcp3TBDK4syg=="
    }
  }
}
