{
  "requires": true,
  "lockfileVersion": 1,
  "dependencies": {
    "@adobe/lit-mobx": {
      "version": "2.0.0",
      "resolved": "https://registry.npmjs.org/@adobe/lit-mobx/-/lit-mobx-2.0.0.tgz",
      "integrity": "sha512-5uSN9vV8XrLAxLxlmZHb1z2eSD5aqxdrWu6GtidtOVyvDDEw6ry1FPXH9J3/N/bFA0Yo7ciXtu9WMYpWpQnYNg=="
    }
  }
}
